
Microsoft Visual Studio Solution File, Format Version 12.00
# Visual Studio Version 16
VisualStudioVersion = 16.0.32002.261
MinimumVisualStudioVersion = 10.0.40219.1
Project("{9A19103F-16F7-4668-BE54-9A1E7A4F7556}") = "UnityLesson(220105)", "UnityLesson(220105)\UnityLesson(220105).csproj", "{78265C5B-0842-4D99-8E39-D4F1B8279E88}"
EndProject
Project("{9A19103F-16F7-4668-BE54-9A1E7A4F7556}") = "UnityLesson(220117)", "UnityLesson(220117)\UnityLesson(220117).csproj", "{C40BDAFB-CBA6-4A59-AA8C-91A83BF698D0}"
EndProject
Project("{9A19103F-16F7-4668-BE54-9A1E7A4F7556}") = "UnityLesson(220124)", "220124\UnityLesson(220124).csproj", "{248F7D44-3AA2-4DFE-931E-95C6F14DA888}"
EndProject
Project("{9A19103F-16F7-4668-BE54-9A1E7A4F7556}") = "UnityLesson(220128)", "UnityLesson(220128)\UnityLesson(220128).csproj", "{57550C58-B994-4386-AE7F-B819133C8231}"
EndProject
Project("{9A19103F-16F7-4668-BE54-9A1E7A4F7556}") = "UnityLesson(220211)", "UnityLesson(220211)\UnityLesson(220211).csproj", "{34FD7100-703C-4901-B53D-DDEC515B010D}"
EndProject
Project("{FAE04EC0-301F-11D3-BF4B-00C04F79EFBC}") = "UnityLesson(220214)", "UnityLesson(220214)\UnityLesson(220214).csproj", "{E43FDB01-D8C0-40F6-BCA1-8A809BE17B29}"
EndProject
Global
	GlobalSection(SolutionConfigurationPlatforms) = preSolution
		Debug|Any CPU = Debug|Any CPU
		Release|Any CPU = Release|Any CPU
	EndGlobalSection
	GlobalSection(ProjectConfigurationPlatforms) = postSolution
		{78265C5B-0842-4D99-8E39-D4F1B8279E88}.Debug|Any CPU.ActiveCfg = Debug|Any CPU
		{78265C5B-0842-4D99-8E39-D4F1B8279E88}.Debug|Any CPU.Build.0 = Debug|Any CPU
		{78265C5B-0842-4D99-8E39-D4F1B8279E88}.Release|Any CPU.ActiveCfg = Release|Any CPU
		{78265C5B-0842-4D99-8E39-D4F1B8279E88}.Release|Any CPU.Build.0 = Release|Any CPU
		{C40BDAFB-CBA6-4A59-AA8C-91A83BF698D0}.Debug|Any CPU.ActiveCfg = Debug|Any CPU
		{C40BDAFB-CBA6-4A59-AA8C-91A83BF698D0}.Debug|Any CPU.Build.0 = Debug|Any CPU
		{C40BDAFB-CBA6-4A59-AA8C-91A83BF698D0}.Release|Any CPU.ActiveCfg = Release|Any CPU
		{C40BDAFB-CBA6-4A59-AA8C-91A83BF698D0}.Release|Any CPU.Build.0 = Release|Any CPU
		{248F7D44-3AA2-4DFE-931E-95C6F14DA888}.Debug|Any CPU.ActiveCfg = Debug|Any CPU
		{248F7D44-3AA2-4DFE-931E-95C6F14DA888}.Debug|Any CPU.Build.0 = Debug|Any CPU
		{248F7D44-3AA2-4DFE-931E-95C6F14DA888}.Release|Any CPU.ActiveCfg = Release|Any CPU
		{248F7D44-3AA2-4DFE-931E-95C6F14DA888}.Release|Any CPU.Build.0 = Release|Any CPU
		{57550C58-B994-4386-AE7F-B819133C8231}.Debug|Any CPU.ActiveCfg = Debug|Any CPU
		{57550C58-B994-4386-AE7F-B819133C8231}.Debug|Any CPU.Build.0 = Debug|Any CPU
		{57550C58-B994-4386-AE7F-B819133C8231}.Release|Any CPU.ActiveCfg = Release|Any CPU
		{57550C58-B994-4386-AE7F-B819133C8231}.Release|Any CPU.Build.0 = Release|Any CPU
		{34FD7100-703C-4901-B53D-DDEC515B010D}.Debug|Any CPU.ActiveCfg = Debug|Any CPU
		{34FD7100-703C-4901-B53D-DDEC515B010D}.Debug|Any CPU.Build.0 = Debug|Any CPU
		{34FD7100-703C-4901-B53D-DDEC515B010D}.Release|Any CPU.ActiveCfg = Release|Any CPU
		{34FD7100-703C-4901-B53D-DDEC515B010D}.Release|Any CPU.Build.0 = Release|Any CPU
		{E43FDB01-D8C0-40F6-BCA1-8A809BE17B29}.Debug|Any CPU.ActiveCfg = Debug|Any CPU
		{E43FDB01-D8C0-40F6-BCA1-8A809BE17B29}.Debug|Any CPU.Build.0 = Debug|Any CPU
		{E43FDB01-D8C0-40F6-BCA1-8A809BE17B29}.Release|Any CPU.ActiveCfg = Release|Any CPU
		{E43FDB01-D8C0-40F6-BCA1-8A809BE17B29}.Release|Any CPU.Build.0 = Release|Any CPU
	EndGlobalSection
	GlobalSection(SolutionProperties) = preSolution
		HideSolutionNode = FALSE
	EndGlobalSection
	GlobalSection(ExtensibilityGlobals) = postSolution
		SolutionGuid = {44006421-AB8D-43BD-BCC0-3FC36039A920}
	EndGlobalSection
EndGlobal
