
Microsoft Visual Studio Solution File, Format Version 12.00
# Visual Studio Version 16
VisualStudioVersion = 16.0.32002.261
MinimumVisualStudioVersion = 10.0.40219.1
Project("{FAE04EC0-301F-11D3-BF4B-00C04F79EFBC}") = "UnityLesson(220105)", "UnityLesson(220105)\UnityLesson(220105).csproj", "{78265C5B-0842-4D99-8E39-D4F1B8279E88}"
EndProject
Project("{FAE04EC0-301F-11D3-BF4B-00C04F79EFBC}") = "UnityLesson(220114)", "UnityLesson(220114)\UnityLesson(220114).csproj", "{0DF380EC-2861-49B0-BA88-DE1347D26ABD}"
EndProject
Global
	GlobalSection(SolutionConfigurationPlatforms) = preSolution
		Debug|Any CPU = Debug|Any CPU
		Release|Any CPU = Release|Any CPU
	EndGlobalSection
	GlobalSection(ProjectConfigurationPlatforms) = postSolution
		{78265C5B-0842-4D99-8E39-D4F1B8279E88}.Debug|Any CPU.ActiveCfg = Debug|Any CPU
		{78265C5B-0842-4D99-8E39-D4F1B8279E88}.Debug|Any CPU.Build.0 = Debug|Any CPU
		{78265C5B-0842-4D99-8E39-D4F1B8279E88}.Release|Any CPU.ActiveCfg = Release|Any CPU
		{78265C5B-0842-4D99-8E39-D4F1B8279E88}.Release|Any CPU.Build.0 = Release|Any CPU
		{0DF380EC-2861-49B0-BA88-DE1347D26ABD}.Debug|Any CPU.ActiveCfg = Debug|Any CPU
		{0DF380EC-2861-49B0-BA88-DE1347D26ABD}.Debug|Any CPU.Build.0 = Debug|Any CPU
		{0DF380EC-2861-49B0-BA88-DE1347D26ABD}.Release|Any CPU.ActiveCfg = Release|Any CPU
		{0DF380EC-2861-49B0-BA88-DE1347D26ABD}.Release|Any CPU.Build.0 = Release|Any CPU
	EndGlobalSection
	GlobalSection(SolutionProperties) = preSolution
		HideSolutionNode = FALSE
	EndGlobalSection
	GlobalSection(ExtensibilityGlobals) = postSolution
		SolutionGuid = {44006421-AB8D-43BD-BCC0-3FC36039A920}
	EndGlobalSection
EndGlobal
